
Microsoft Visual Studio Solution File, Format Version 12.00
# Visual Studio 2013
VisualStudioVersion = 12.0.40629.0
MinimumVisualStudioVersion = 10.0.40219.1
Project("{FAE04EC0-301F-11D3-BF4B-00C04F79EFBC}") = "bigbus.checkout", "bigbus.checkout\bigbus.checkout.csproj", "{47A7ECA8-E025-485B-B297-F3576625CC22}"
EndProject
Project("{FAE04EC0-301F-11D3-BF4B-00C04F79EFBC}") = "bigbus.checkout.Tests", "bigbus.checkout.Tests\bigbus.checkout.Tests.csproj", "{4F3414F5-1653-4561-AD7D-AD0EC0D3670F}"
EndProject
Project("{FAE04EC0-301F-11D3-BF4B-00C04F79EFBC}") = "Services", "Services\Services.csproj", "{7A109C22-9A3A-459D-9B2D-9834B35776B8}"
EndProject
Project("{FAE04EC0-301F-11D3-BF4B-00C04F79EFBC}") = "Common", "Common\Common.csproj", "{48CB3218-6258-4C7E-94B6-DD00237D9A1D}"
EndProject
Project("{FAE04EC0-301F-11D3-BF4B-00C04F79EFBC}") = "bigbus.checkout.data", "bigbus.checkout.data\bigbus.checkout.data.csproj", "{F6F52659-8CA0-422C-86BD-E4E3C36C3643}"
EndProject
Project("{FAE04EC0-301F-11D3-BF4B-00C04F79EFBC}") = "bigbus.checkout.mvc", "bigbus.checkout.mvc\bigbus.checkout.mvc.csproj", "{4561C17D-FA6F-4B19-BDFC-93536CCE062E}"
EndProject
Global
	GlobalSection(SolutionConfigurationPlatforms) = preSolution
		Debug|Any CPU = Debug|Any CPU
		Release|Any CPU = Release|Any CPU
	EndGlobalSection
	GlobalSection(ProjectConfigurationPlatforms) = postSolution
		{47A7ECA8-E025-485B-B297-F3576625CC22}.Debug|Any CPU.ActiveCfg = Debug|Any CPU
		{47A7ECA8-E025-485B-B297-F3576625CC22}.Debug|Any CPU.Build.0 = Debug|Any CPU
		{47A7ECA8-E025-485B-B297-F3576625CC22}.Release|Any CPU.ActiveCfg = Release|Any CPU
		{47A7ECA8-E025-485B-B297-F3576625CC22}.Release|Any CPU.Build.0 = Release|Any CPU
		{4F3414F5-1653-4561-AD7D-AD0EC0D3670F}.Debug|Any CPU.ActiveCfg = Debug|Any CPU
		{4F3414F5-1653-4561-AD7D-AD0EC0D3670F}.Debug|Any CPU.Build.0 = Debug|Any CPU
		{4F3414F5-1653-4561-AD7D-AD0EC0D3670F}.Release|Any CPU.ActiveCfg = Release|Any CPU
		{4F3414F5-1653-4561-AD7D-AD0EC0D3670F}.Release|Any CPU.Build.0 = Release|Any CPU
		{7A109C22-9A3A-459D-9B2D-9834B35776B8}.Debug|Any CPU.ActiveCfg = Debug|Any CPU
		{7A109C22-9A3A-459D-9B2D-9834B35776B8}.Debug|Any CPU.Build.0 = Debug|Any CPU
		{7A109C22-9A3A-459D-9B2D-9834B35776B8}.Release|Any CPU.ActiveCfg = Release|Any CPU
		{7A109C22-9A3A-459D-9B2D-9834B35776B8}.Release|Any CPU.Build.0 = Release|Any CPU
		{48CB3218-6258-4C7E-94B6-DD00237D9A1D}.Debug|Any CPU.ActiveCfg = Debug|Any CPU
		{48CB3218-6258-4C7E-94B6-DD00237D9A1D}.Debug|Any CPU.Build.0 = Debug|Any CPU
		{48CB3218-6258-4C7E-94B6-DD00237D9A1D}.Release|Any CPU.ActiveCfg = Release|Any CPU
		{48CB3218-6258-4C7E-94B6-DD00237D9A1D}.Release|Any CPU.Build.0 = Release|Any CPU
		{F6F52659-8CA0-422C-86BD-E4E3C36C3643}.Debug|Any CPU.ActiveCfg = Debug|Any CPU
		{F6F52659-8CA0-422C-86BD-E4E3C36C3643}.Debug|Any CPU.Build.0 = Debug|Any CPU
		{F6F52659-8CA0-422C-86BD-E4E3C36C3643}.Release|Any CPU.ActiveCfg = Release|Any CPU
		{F6F52659-8CA0-422C-86BD-E4E3C36C3643}.Release|Any CPU.Build.0 = Release|Any CPU
		{4561C17D-FA6F-4B19-BDFC-93536CCE062E}.Debug|Any CPU.ActiveCfg = Debug|Any CPU
		{4561C17D-FA6F-4B19-BDFC-93536CCE062E}.Debug|Any CPU.Build.0 = Debug|Any CPU
		{4561C17D-FA6F-4B19-BDFC-93536CCE062E}.Release|Any CPU.ActiveCfg = Release|Any CPU
		{4561C17D-FA6F-4B19-BDFC-93536CCE062E}.Release|Any CPU.Build.0 = Release|Any CPU
	EndGlobalSection
	GlobalSection(SolutionProperties) = preSolution
		HideSolutionNode = FALSE
	EndGlobalSection
EndGlobal
